
Microsoft Visual Studio Solution File, Format Version 11.00
# Visual Studio 2010
Project("{FAE04EC0-301F-11D3-BF4B-00C04F79EFBC}") = "ObjectEditorTest", "ObjectEditorTest\ObjectEditorTest.csproj", "{73D26321-24F2-4550-9205-CFAB90A55358}"
EndProject
Project("{2150E333-8FDC-42A3-9474-1A3956D46DE8}") = "APP", "APP", "{3EA2F440-6D92-4F4D-BC36-62C95E2E9EC3}"
EndProject
Project("{2150E333-8FDC-42A3-9474-1A3956D46DE8}") = "LIBS", "LIBS", "{42AF82EE-5B5D-41F0-8C50-C0CE31EEE440}"
EndProject
Project("{FAE04EC0-301F-11D3-BF4B-00C04F79EFBC}") = "EnumEditor", "..\EnumEditor\EnumEditor.csproj", "{E2631D15-0146-4EBE-B5EB-A2692FC3289E}"
EndProject
Project("{FAE04EC0-301F-11D3-BF4B-00C04F79EFBC}") = "LocalizationLibrary", "..\LocalizationLibrary\LocalizationLibrary.csproj", "{BA260E07-3E04-4EE2-8E62-A0B66480DCD6}"
EndProject
Project("{FAE04EC0-301F-11D3-BF4B-00C04F79EFBC}") = "ObjectEditor", "..\ObjectEditor\ObjectEditor.csproj", "{9CC65051-D835-453B-B2FE-522A8744D82E}"
EndProject
Global
	GlobalSection(SolutionConfigurationPlatforms) = preSolution
		Debug|Any CPU = Debug|Any CPU
		Debug|Mixed Platforms = Debug|Mixed Platforms
		Debug|x86 = Debug|x86
		Release|Any CPU = Release|Any CPU
		Release|Mixed Platforms = Release|Mixed Platforms
		Release|x86 = Release|x86
	EndGlobalSection
	GlobalSection(ProjectConfigurationPlatforms) = postSolution
		{73D26321-24F2-4550-9205-CFAB90A55358}.Debug|Any CPU.ActiveCfg = Debug|x86
		{73D26321-24F2-4550-9205-CFAB90A55358}.Debug|Mixed Platforms.ActiveCfg = Debug|x86
		{73D26321-24F2-4550-9205-CFAB90A55358}.Debug|Mixed Platforms.Build.0 = Debug|x86
		{73D26321-24F2-4550-9205-CFAB90A55358}.Debug|x86.ActiveCfg = Debug|x86
		{73D26321-24F2-4550-9205-CFAB90A55358}.Debug|x86.Build.0 = Debug|x86
		{73D26321-24F2-4550-9205-CFAB90A55358}.Release|Any CPU.ActiveCfg = Release|x86
		{73D26321-24F2-4550-9205-CFAB90A55358}.Release|Mixed Platforms.ActiveCfg = Release|x86
		{73D26321-24F2-4550-9205-CFAB90A55358}.Release|Mixed Platforms.Build.0 = Release|x86
		{73D26321-24F2-4550-9205-CFAB90A55358}.Release|x86.ActiveCfg = Release|x86
		{73D26321-24F2-4550-9205-CFAB90A55358}.Release|x86.Build.0 = Release|x86
		{E2631D15-0146-4EBE-B5EB-A2692FC3289E}.Debug|Any CPU.ActiveCfg = Debug|Any CPU
		{E2631D15-0146-4EBE-B5EB-A2692FC3289E}.Debug|Any CPU.Build.0 = Debug|Any CPU
		{E2631D15-0146-4EBE-B5EB-A2692FC3289E}.Debug|Mixed Platforms.ActiveCfg = Debug|Any CPU
		{E2631D15-0146-4EBE-B5EB-A2692FC3289E}.Debug|Mixed Platforms.Build.0 = Debug|Any CPU
		{E2631D15-0146-4EBE-B5EB-A2692FC3289E}.Debug|x86.ActiveCfg = Debug|Any CPU
		{E2631D15-0146-4EBE-B5EB-A2692FC3289E}.Release|Any CPU.ActiveCfg = Release|Any CPU
		{E2631D15-0146-4EBE-B5EB-A2692FC3289E}.Release|Any CPU.Build.0 = Release|Any CPU
		{E2631D15-0146-4EBE-B5EB-A2692FC3289E}.Release|Mixed Platforms.ActiveCfg = Release|Any CPU
		{E2631D15-0146-4EBE-B5EB-A2692FC3289E}.Release|Mixed Platforms.Build.0 = Release|Any CPU
		{E2631D15-0146-4EBE-B5EB-A2692FC3289E}.Release|x86.ActiveCfg = Release|Any CPU
		{BA260E07-3E04-4EE2-8E62-A0B66480DCD6}.Debug|Any CPU.ActiveCfg = Debug|Any CPU
		{BA260E07-3E04-4EE2-8E62-A0B66480DCD6}.Debug|Any CPU.Build.0 = Debug|Any CPU
		{BA260E07-3E04-4EE2-8E62-A0B66480DCD6}.Debug|Mixed Platforms.ActiveCfg = Debug|Any CPU
		{BA260E07-3E04-4EE2-8E62-A0B66480DCD6}.Debug|Mixed Platforms.Build.0 = Debug|Any CPU
		{BA260E07-3E04-4EE2-8E62-A0B66480DCD6}.Debug|x86.ActiveCfg = Debug|Any CPU
		{BA260E07-3E04-4EE2-8E62-A0B66480DCD6}.Release|Any CPU.ActiveCfg = Release|Any CPU
		{BA260E07-3E04-4EE2-8E62-A0B66480DCD6}.Release|Any CPU.Build.0 = Release|Any CPU
		{BA260E07-3E04-4EE2-8E62-A0B66480DCD6}.Release|Mixed Platforms.ActiveCfg = Release|Any CPU
		{BA260E07-3E04-4EE2-8E62-A0B66480DCD6}.Release|Mixed Platforms.Build.0 = Release|Any CPU
		{BA260E07-3E04-4EE2-8E62-A0B66480DCD6}.Release|x86.ActiveCfg = Release|Any CPU
		{9CC65051-D835-453B-B2FE-522A8744D82E}.Debug|Any CPU.ActiveCfg = Debug|Any CPU
		{9CC65051-D835-453B-B2FE-522A8744D82E}.Debug|Any CPU.Build.0 = Debug|Any CPU
		{9CC65051-D835-453B-B2FE-522A8744D82E}.Debug|Mixed Platforms.ActiveCfg = Debug|Any CPU
		{9CC65051-D835-453B-B2FE-522A8744D82E}.Debug|Mixed Platforms.Build.0 = Debug|Any CPU
		{9CC65051-D835-453B-B2FE-522A8744D82E}.Debug|x86.ActiveCfg = Debug|Any CPU
		{9CC65051-D835-453B-B2FE-522A8744D82E}.Release|Any CPU.ActiveCfg = Release|Any CPU
		{9CC65051-D835-453B-B2FE-522A8744D82E}.Release|Any CPU.Build.0 = Release|Any CPU
		{9CC65051-D835-453B-B2FE-522A8744D82E}.Release|Mixed Platforms.ActiveCfg = Release|Any CPU
		{9CC65051-D835-453B-B2FE-522A8744D82E}.Release|Mixed Platforms.Build.0 = Release|Any CPU
		{9CC65051-D835-453B-B2FE-522A8744D82E}.Release|x86.ActiveCfg = Release|Any CPU
	EndGlobalSection
	GlobalSection(SolutionProperties) = preSolution
		HideSolutionNode = FALSE
	EndGlobalSection
	GlobalSection(NestedProjects) = preSolution
		{73D26321-24F2-4550-9205-CFAB90A55358} = {3EA2F440-6D92-4F4D-BC36-62C95E2E9EC3}
		{E2631D15-0146-4EBE-B5EB-A2692FC3289E} = {42AF82EE-5B5D-41F0-8C50-C0CE31EEE440}
		{BA260E07-3E04-4EE2-8E62-A0B66480DCD6} = {42AF82EE-5B5D-41F0-8C50-C0CE31EEE440}
		{9CC65051-D835-453B-B2FE-522A8744D82E} = {42AF82EE-5B5D-41F0-8C50-C0CE31EEE440}
	EndGlobalSection
EndGlobal
